
Microsoft Visual Studio Solution File, Format Version 12.00
# Visual Studio Version 17
VisualStudioVersion = 17.0.32112.339
MinimumVisualStudioVersion = 10.0.40219.1
Project("{FAE04EC0-301F-11D3-BF4B-00C04F79EFBC}") = "TemplateMod", "TemplateMod.csproj", "{B6549C80-77AC-4B19-9AAB-096775F52E1C}"
EndProject
Global
	GlobalSection(SolutionConfigurationPlatforms) = preSolution
		Debug|Any CPU = Debug|Any CPU
		Release|Any CPU = Release|Any CPU
	EndGlobalSection
	GlobalSection(ProjectConfigurationPlatforms) = postSolution
		{B6549C80-77AC-4B19-9AAB-096775F52E1C}.Debug|Any CPU.ActiveCfg = Debug|Any CPU
		{B6549C80-77AC-4B19-9AAB-096775F52E1C}.Debug|Any CPU.Build.0 = Debug|Any CPU
		{B6549C80-77AC-4B19-9AAB-096775F52E1C}.Release|Any CPU.ActiveCfg = Release|Any CPU
		{B6549C80-77AC-4B19-9AAB-096775F52E1C}.Release|Any CPU.Build.0 = Release|Any CPU
	EndGlobalSection
	GlobalSection(SolutionProperties) = preSolution
		HideSolutionNode = FALSE
	EndGlobalSection
	GlobalSection(ExtensibilityGlobals) = postSolution
		SolutionGuid = {EA6FD735-969E-4B7E-A50E-80F11E840178}
	EndGlobalSection
EndGlobal
